
Microsoft Visual Studio Solution File, Format Version 12.00
# Visual Studio Version 17
VisualStudioVersion = 17.9.34622.214
MinimumVisualStudioVersion = 10.0.40219.1
Project("{8BC9CEB8-8B4A-11D0-8D11-00A0C91BC942}") = "Rational", "Rational\Rational.vcxproj", "{287455C7-DE04-4BE9-8693-CB6C5BB0624F}"
EndProject
Project("{8BC9CEB8-8B4A-11D0-8D11-00A0C91BC942}") = "Rational_test", "Rational_test\Rational_test.vcxproj", "{579A2626-319C-4105-9B6C-353136757476}"
EndProject
Global
	GlobalSection(SolutionConfigurationPlatforms) = preSolution
		Debug|ARM64 = Debug|ARM64
		Debug|x64 = Debug|x64
		Debug|x86 = Debug|x86
		Release|ARM64 = Release|ARM64
		Release|x64 = Release|x64
		Release|x86 = Release|x86
	EndGlobalSection
	GlobalSection(ProjectConfigurationPlatforms) = postSolution
		{287455C7-DE04-4BE9-8693-CB6C5BB0624F}.Debug|ARM64.ActiveCfg = Debug|ARM64
		{287455C7-DE04-4BE9-8693-CB6C5BB0624F}.Debug|ARM64.Build.0 = Debug|ARM64
		{287455C7-DE04-4BE9-8693-CB6C5BB0624F}.Debug|x64.ActiveCfg = Debug|x64
		{287455C7-DE04-4BE9-8693-CB6C5BB0624F}.Debug|x64.Build.0 = Debug|x64
		{287455C7-DE04-4BE9-8693-CB6C5BB0624F}.Debug|x86.ActiveCfg = Debug|Win32
		{287455C7-DE04-4BE9-8693-CB6C5BB0624F}.Debug|x86.Build.0 = Debug|Win32
		{287455C7-DE04-4BE9-8693-CB6C5BB0624F}.Release|ARM64.ActiveCfg = Release|ARM64
		{287455C7-DE04-4BE9-8693-CB6C5BB0624F}.Release|ARM64.Build.0 = Release|ARM64
		{287455C7-DE04-4BE9-8693-CB6C5BB0624F}.Release|x64.ActiveCfg = Release|x64
		{287455C7-DE04-4BE9-8693-CB6C5BB0624F}.Release|x64.Build.0 = Release|x64
		{287455C7-DE04-4BE9-8693-CB6C5BB0624F}.Release|x86.ActiveCfg = Release|Win32
		{287455C7-DE04-4BE9-8693-CB6C5BB0624F}.Release|x86.Build.0 = Release|Win32
		{579A2626-319C-4105-9B6C-353136757476}.Debug|ARM64.ActiveCfg = Debug|ARM64
		{579A2626-319C-4105-9B6C-353136757476}.Debug|ARM64.Build.0 = Debug|ARM64
		{579A2626-319C-4105-9B6C-353136757476}.Debug|x64.ActiveCfg = Debug|x64
		{579A2626-319C-4105-9B6C-353136757476}.Debug|x64.Build.0 = Debug|x64
		{579A2626-319C-4105-9B6C-353136757476}.Debug|x86.ActiveCfg = Debug|Win32
		{579A2626-319C-4105-9B6C-353136757476}.Debug|x86.Build.0 = Debug|Win32
		{579A2626-319C-4105-9B6C-353136757476}.Release|ARM64.ActiveCfg = Release|ARM64
		{579A2626-319C-4105-9B6C-353136757476}.Release|ARM64.Build.0 = Release|ARM64
		{579A2626-319C-4105-9B6C-353136757476}.Release|x64.ActiveCfg = Release|x64
		{579A2626-319C-4105-9B6C-353136757476}.Release|x64.Build.0 = Release|x64
		{579A2626-319C-4105-9B6C-353136757476}.Release|x86.ActiveCfg = Release|Win32
		{579A2626-319C-4105-9B6C-353136757476}.Release|x86.Build.0 = Release|Win32
	EndGlobalSection
	GlobalSection(SolutionProperties) = preSolution
		HideSolutionNode = FALSE
	EndGlobalSection
	GlobalSection(ExtensibilityGlobals) = postSolution
		SolutionGuid = {25A1C2B0-60D6-43B1-B426-52B0A4909C8B}
	EndGlobalSection
EndGlobal
